
Microsoft Visual Studio Solution File, Format Version 12.00
# Visual Studio Version 17
VisualStudioVersion = 17.0.31903.59
MinimumVisualStudioVersion = 10.0.40219.1
Project("{2150E333-8FDC-42A3-9474-1A3956D46DE8}") = "src", "src", "{827E0CD3-B72D-47B6-A68D-7590B98EB39B}"
EndProject
Project("{FAE04EC0-301F-11D3-BF4B-00C04F79EFBC}") = "Library", "src\Library\Library.csproj", "{4268DF5C-6256-4331-8937-4C03E6FEE1CE}"
EndProject
Project("{FAE04EC0-301F-11D3-BF4B-00C04F79EFBC}") = "Program", "src\Program\Program.csproj", "{BBB358A4-DC2F-4079-BBE5-DCAE196C6BDD}"
EndProject
Global
	GlobalSection(SolutionConfigurationPlatforms) = preSolution
		Debug|Any CPU = Debug|Any CPU
		Debug|x64 = Debug|x64
		Debug|x86 = Debug|x86
		Release|Any CPU = Release|Any CPU
		Release|x64 = Release|x64
		Release|x86 = Release|x86
	EndGlobalSection
	GlobalSection(ProjectConfigurationPlatforms) = postSolution
		{4268DF5C-6256-4331-8937-4C03E6FEE1CE}.Debug|Any CPU.ActiveCfg = Debug|Any CPU
		{4268DF5C-6256-4331-8937-4C03E6FEE1CE}.Debug|Any CPU.Build.0 = Debug|Any CPU
		{4268DF5C-6256-4331-8937-4C03E6FEE1CE}.Debug|x64.ActiveCfg = Debug|Any CPU
		{4268DF5C-6256-4331-8937-4C03E6FEE1CE}.Debug|x64.Build.0 = Debug|Any CPU
		{4268DF5C-6256-4331-8937-4C03E6FEE1CE}.Debug|x86.ActiveCfg = Debug|Any CPU
		{4268DF5C-6256-4331-8937-4C03E6FEE1CE}.Debug|x86.Build.0 = Debug|Any CPU
		{4268DF5C-6256-4331-8937-4C03E6FEE1CE}.Release|Any CPU.ActiveCfg = Release|Any CPU
		{4268DF5C-6256-4331-8937-4C03E6FEE1CE}.Release|Any CPU.Build.0 = Release|Any CPU
		{4268DF5C-6256-4331-8937-4C03E6FEE1CE}.Release|x64.ActiveCfg = Release|Any CPU
		{4268DF5C-6256-4331-8937-4C03E6FEE1CE}.Release|x64.Build.0 = Release|Any CPU
		{4268DF5C-6256-4331-8937-4C03E6FEE1CE}.Release|x86.ActiveCfg = Release|Any CPU
		{4268DF5C-6256-4331-8937-4C03E6FEE1CE}.Release|x86.Build.0 = Release|Any CPU
		{BBB358A4-DC2F-4079-BBE5-DCAE196C6BDD}.Debug|Any CPU.ActiveCfg = Debug|Any CPU
		{BBB358A4-DC2F-4079-BBE5-DCAE196C6BDD}.Debug|Any CPU.Build.0 = Debug|Any CPU
		{BBB358A4-DC2F-4079-BBE5-DCAE196C6BDD}.Debug|x64.ActiveCfg = Debug|Any CPU
		{BBB358A4-DC2F-4079-BBE5-DCAE196C6BDD}.Debug|x64.Build.0 = Debug|Any CPU
		{BBB358A4-DC2F-4079-BBE5-DCAE196C6BDD}.Debug|x86.ActiveCfg = Debug|Any CPU
		{BBB358A4-DC2F-4079-BBE5-DCAE196C6BDD}.Debug|x86.Build.0 = Debug|Any CPU
		{BBB358A4-DC2F-4079-BBE5-DCAE196C6BDD}.Release|Any CPU.ActiveCfg = Release|Any CPU
		{BBB358A4-DC2F-4079-BBE5-DCAE196C6BDD}.Release|Any CPU.Build.0 = Release|Any CPU
		{BBB358A4-DC2F-4079-BBE5-DCAE196C6BDD}.Release|x64.ActiveCfg = Release|Any CPU
		{BBB358A4-DC2F-4079-BBE5-DCAE196C6BDD}.Release|x64.Build.0 = Release|Any CPU
		{BBB358A4-DC2F-4079-BBE5-DCAE196C6BDD}.Release|x86.ActiveCfg = Release|Any CPU
		{BBB358A4-DC2F-4079-BBE5-DCAE196C6BDD}.Release|x86.Build.0 = Release|Any CPU
	EndGlobalSection
	GlobalSection(SolutionProperties) = preSolution
		HideSolutionNode = FALSE
	EndGlobalSection
	GlobalSection(NestedProjects) = preSolution
		{4268DF5C-6256-4331-8937-4C03E6FEE1CE} = {827E0CD3-B72D-47B6-A68D-7590B98EB39B}
		{BBB358A4-DC2F-4079-BBE5-DCAE196C6BDD} = {827E0CD3-B72D-47B6-A68D-7590B98EB39B}
	EndGlobalSection
EndGlobal
